
Microsoft Visual Studio Solution File, Format Version 12.00
# Visual Studio Version 16
VisualStudioVersion = 16.0.33529.622
MinimumVisualStudioVersion = 10.0.40219.1
Project("{FAE04EC0-301F-11D3-BF4B-00C04F79EFBC}") = "Presentación", "TrabajoPractico\Presentación.csproj", "{C7BC74BA-8E1B-4C13-A294-A5A87B8405E8}"
EndProject
Project("{FAE04EC0-301F-11D3-BF4B-00C04F79EFBC}") = "Logica", "Logica\Logica.csproj", "{A275BA71-2675-466C-B614-AFBC1354C4C6}"
EndProject
Global
	GlobalSection(SolutionConfigurationPlatforms) = preSolution
		Debug|Any CPU = Debug|Any CPU
		Release|Any CPU = Release|Any CPU
	EndGlobalSection
	GlobalSection(ProjectConfigurationPlatforms) = postSolution
		{C7BC74BA-8E1B-4C13-A294-A5A87B8405E8}.Debug|Any CPU.ActiveCfg = Debug|Any CPU
		{C7BC74BA-8E1B-4C13-A294-A5A87B8405E8}.Release|Any CPU.ActiveCfg = Release|Any CPU
		{C7BC74BA-8E1B-4C13-A294-A5A87B8405E8}.Release|Any CPU.Build.0 = Release|Any CPU
		{A275BA71-2675-466C-B614-AFBC1354C4C6}.Debug|Any CPU.ActiveCfg = Debug|Any CPU
		{A275BA71-2675-466C-B614-AFBC1354C4C6}.Release|Any CPU.ActiveCfg = Release|Any CPU
		{A275BA71-2675-466C-B614-AFBC1354C4C6}.Release|Any CPU.Build.0 = Release|Any CPU
	EndGlobalSection
	GlobalSection(SolutionProperties) = preSolution
		HideSolutionNode = FALSE
	EndGlobalSection
	GlobalSection(ExtensibilityGlobals) = postSolution
		SolutionGuid = {1AC94A7B-677B-4810-A1E0-9E38E315277B}
	EndGlobalSection
EndGlobal
